
Microsoft Visual Studio Solution File, Format Version 12.00
# Visual Studio Version 17
VisualStudioVersion = 17.3.32929.385
MinimumVisualStudioVersion = 10.0.40219.1
Project("{FAE04EC0-301F-11D3-BF4B-00C04F79EFBC}") = "NbaApi", "NbaApi\NbaApi.csproj", "{3D4CD10C-36BD-4434-BDE2-3F0732EE1842}"
EndProject
Global
	GlobalSection(SolutionConfigurationPlatforms) = preSolution
		Debug|Any CPU = Debug|Any CPU
		Release|Any CPU = Release|Any CPU
	EndGlobalSection
	GlobalSection(ProjectConfigurationPlatforms) = postSolution
		{3D4CD10C-36BD-4434-BDE2-3F0732EE1842}.Debug|Any CPU.ActiveCfg = Debug|Any CPU
		{3D4CD10C-36BD-4434-BDE2-3F0732EE1842}.Debug|Any CPU.Build.0 = Debug|Any CPU
		{3D4CD10C-36BD-4434-BDE2-3F0732EE1842}.Release|Any CPU.ActiveCfg = Release|Any CPU
		{3D4CD10C-36BD-4434-BDE2-3F0732EE1842}.Release|Any CPU.Build.0 = Release|Any CPU
	EndGlobalSection
	GlobalSection(SolutionProperties) = preSolution
		HideSolutionNode = FALSE
	EndGlobalSection
	GlobalSection(ExtensibilityGlobals) = postSolution
		SolutionGuid = {AE6447A7-ED83-42E9-85B2-BB106B550006}
	EndGlobalSection
EndGlobal
